// !$*UTF8*$!
{
	archiveVersion = 1;
	classes = {
	};
	objectVersion = 46;
	objects = {

/* Begin PBXBuildFile section */
		631A7C121C55A6F600BD05DD /* sun4.png in Resources */ = {isa = PBXBuildFile; fileRef = 631A7C111C55A6F600BD05DD /* sun4.png */; };
		633379941C51ADA9001C5C9D /* main.m in Sources */ = {isa = PBXBuildFile; fileRef = 633379931C51ADA9001C5C9D /* main.m */; };
		633379971C51ADA9001C5C9D /* AppDelegate.m in Sources */ = {isa = PBXBuildFile; fileRef = 633379961C51ADA9001C5C9D /* AppDelegate.m */; };
		633379A31C51ADA9001C5C9D /* Main.storyboard in Resources */ = {isa = PBXBuildFile; fileRef = 633379A11C51ADA9001C5C9D /* Main.storyboard */; };
		633379A51C51ADA9001C5C9D /* Assets.xcassets in Resources */ = {isa = PBXBuildFile; fileRef = 633379A41C51ADA9001C5C9D /* Assets.xcassets */; };
		633379A81C51ADA9001C5C9D /* LaunchScreen.storyboard in Resources */ = {isa = PBXBuildFile; fileRef = 633379A61C51ADA9001C5C9D /* LaunchScreen.storyboard */; };
		633379C81C51B01B001C5C9D /* MainViewController.m in Sources */ = {isa = PBXBuildFile; fileRef = 633379C71C51B01B001C5C9D /* MainViewController.m */; };
		633379CB1C51B03B001C5C9D /* WeatherTableTableViewController.m in Sources */ = {isa = PBXBuildFile; fileRef = 633379CA1C51B03B001C5C9D /* WeatherTableTableViewController.m */; };
		633379CE1C51CB1D001C5C9D /* APIController.m in Sources */ = {isa = PBXBuildFile; fileRef = 633379CD1C51CB1D001C5C9D /* APIController.m */; };
		635054911C57F341006263B0 /* YLMomentRelativeTimeLocalizable.strings in Resources */ = {isa = PBXBuildFile; fileRef = 635054771C57F341006263B0 /* YLMomentRelativeTimeLocalizable.strings */; };
		635054921C57F341006263B0 /* YLMoment+Bundle.m in Sources */ = {isa = PBXBuildFile; fileRef = 635054831C57F341006263B0 /* YLMoment+Bundle.m */; };
		635054931C57F341006263B0 /* YLMoment+Components.m in Sources */ = {isa = PBXBuildFile; fileRef = 635054851C57F341006263B0 /* YLMoment+Components.m */; };
		635054941C57F341006263B0 /* YLMoment+Description.m in Sources */ = {isa = PBXBuildFile; fileRef = 635054871C57F341006263B0 /* YLMoment+Description.m */; };
		635054951C57F341006263B0 /* YLMoment+Helpers.m in Sources */ = {isa = PBXBuildFile; fileRef = 635054891C57F341006263B0 /* YLMoment+Helpers.m */; };
		635054961C57F341006263B0 /* YLMoment+Manipulation.m in Sources */ = {isa = PBXBuildFile; fileRef = 6350548B1C57F341006263B0 /* YLMoment+Manipulation.m */; };
		635054971C57F341006263B0 /* YLMoment+RelativeTime.m in Sources */ = {isa = PBXBuildFile; fileRef = 6350548D1C57F341006263B0 /* YLMoment+RelativeTime.m */; };
		635054981C57F341006263B0 /* YLMomentObject.m in Sources */ = {isa = PBXBuildFile; fileRef = 635054901C57F341006263B0 /* YLMomentObject.m */; };
		6362289C1C57449A00C23FF8 /* Default-568h@2x.png in Resources */ = {isa = PBXBuildFile; fileRef = 6362289B1C57449A00C23FF8 /* Default-568h@2x.png */; };
		6362822C1C520D16009C12B1 /* Location.m in Sources */ = {isa = PBXBuildFile; fileRef = 6362822B1C520D16009C12B1 /* Location.m */; };
		636282311C5214F5009C12B1 /* Weather.m in Sources */ = {isa = PBXBuildFile; fileRef = 636282301C5214F5009C12B1 /* Weather.m */; };
		636282341C521C38009C12B1 /* ForecastCell.m in Sources */ = {isa = PBXBuildFile; fileRef = 636282331C521C38009C12B1 /* ForecastCell.m */; };
		63E8945B1C55C1BD00859C55 /* AnimationManager.m in Sources */ = {isa = PBXBuildFile; fileRef = 63E8945A1C55C1BD00859C55 /* AnimationManager.m */; };
		63E8945E1C55EEE200859C55 /* ViewManager.m in Sources */ = {isa = PBXBuildFile; fileRef = 63E8945D1C55EEE200859C55 /* ViewManager.m */; };
		63E894611C56010E00859C55 /* TimeOfDay.m in Sources */ = {isa = PBXBuildFile; fileRef = 63E894601C56010E00859C55 /* TimeOfDay.m */; };
/* End PBXBuildFile section */

/* Begin PBXFileReference section */
		631A7C111C55A6F600BD05DD /* sun4.png */ = {isa = PBXFileReference; lastKnownFileType = image.png; path = sun4.png; sourceTree = "<group>"; };
		6333798F1C51ADA9001C5C9D /* Weather.app */ = {isa = PBXFileReference; explicitFileType = wrapper.application; includeInIndex = 0; path = Weather.app; sourceTree = BUILT_PRODUCTS_DIR; };
		633379931C51ADA9001C5C9D /* main.m */ = {isa = PBXFileReference; lastKnownFileType = sourcecode.c.objc; path = main.m; sourceTree = "<group>"; };
		633379951C51ADA9001C5C9D /* AppDelegate.h */ = {isa = PBXFileReference; lastKnownFileType = sourcecode.c.h; path = AppDelegate.h; sourceTree = "<group>"; };
		633379961C51ADA9001C5C9D /* AppDelegate.m */ = {isa = PBXFileReference; lastKnownFileType = sourcecode.c.objc; path = AppDelegate.m; sourceTree = "<group>"; };
		633379A21C51ADA9001C5C9D /* Base */ = {isa = PBXFileReference; lastKnownFileType = file.storyboard; name = Base; path = Base.lproj/Main.storyboard; sourceTree = "<group>"; };
		633379A41C51ADA9001C5C9D /* Assets.xcassets */ = {isa = PBXFileReference; lastKnownFileType = folder.assetcatalog; path = Assets.xcassets; sourceTree = "<group>"; };
		633379A71C51ADA9001C5C9D /* Base */ = {isa = PBXFileReference; lastKnownFileType = file.storyboard; name = Base; path = Base.lproj/LaunchScreen.storyboard; sourceTree = "<group>"; };
		633379A91C51ADA9001C5C9D /* Info.plist */ = {isa = PBXFileReference; lastKnownFileType = text.plist.xml; path = Info.plist; sourceTree = "<group>"; };
		633379C61C51B01B001C5C9D /* MainViewController.h */ = {isa = PBXFileReference; fileEncoding = 4; lastKnownFileType = sourcecode.c.h; path = MainViewController.h; sourceTree = "<group>"; };
		633379C71C51B01B001C5C9D /* MainViewController.m */ = {isa = PBXFileReference; fileEncoding = 4; lastKnownFileType = sourcecode.c.objc; path = MainViewController.m; sourceTree = "<group>"; };
		633379C91C51B03B001C5C9D /* WeatherTableTableViewController.h */ = {isa = PBXFileReference; fileEncoding = 4; lastKnownFileType = sourcecode.c.h; path = WeatherTableTableViewController.h; sourceTree = "<group>"; };
		633379CA1C51B03B001C5C9D /* WeatherTableTableViewController.m */ = {isa = PBXFileReference; fileEncoding = 4; lastKnownFileType = sourcecode.c.objc; path = WeatherTableTableViewController.m; sourceTree = "<group>"; };
		633379CC1C51CB1D001C5C9D /* APIController.h */ = {isa = PBXFileReference; fileEncoding = 4; lastKnownFileType = sourcecode.c.h; path = APIController.h; sourceTree = "<group>"; };
		633379CD1C51CB1D001C5C9D /* APIController.m */ = {isa = PBXFileReference; fileEncoding = 4; lastKnownFileType = sourcecode.c.objc; path = APIController.m; sourceTree = "<group>"; };
		635054781C57F341006263B0 /* de */ = {isa = PBXFileReference; lastKnownFileType = text.plist.strings; name = de; path = de.lproj/YLMomentRelativeTimeLocalizable.strings; sourceTree = "<group>"; };
		635054791C57F341006263B0 /* en */ = {isa = PBXFileReference; lastKnownFileType = text.plist.strings; name = en; path = en.lproj/YLMomentRelativeTimeLocalizable.strings; sourceTree = "<group>"; };
		6350547A1C57F341006263B0 /* es */ = {isa = PBXFileReference; lastKnownFileType = text.plist.strings; name = es; path = es.lproj/YLMomentRelativeTimeLocalizable.strings; sourceTree = "<group>"; };
		6350547B1C57F341006263B0 /* fr */ = {isa = PBXFileReference; lastKnownFileType = text.plist.strings; name = fr; path = fr.lproj/YLMomentRelativeTimeLocalizable.strings; sourceTree = "<group>"; };
		6350547C1C57F341006263B0 /* ja */ = {isa = PBXFileReference; lastKnownFileType = text.plist.strings; name = ja; path = ja.lproj/YLMomentRelativeTimeLocalizable.strings; sourceTree = "<group>"; };
		6350547D1C57F341006263B0 /* nl */ = {isa = PBXFileReference; lastKnownFileType = text.plist.strings; name = nl; path = nl.lproj/YLMomentRelativeTimeLocalizable.strings; sourceTree = "<group>"; };
		6350547E1C57F341006263B0 /* pt */ = {isa = PBXFileReference; lastKnownFileType = text.plist.strings; name = pt; path = pt.lproj/YLMomentRelativeTimeLocalizable.strings; sourceTree = "<group>"; };
		6350547F1C57F341006263B0 /* sq */ = {isa = PBXFileReference; lastKnownFileType = text.plist.strings; name = sq; path = sq.lproj/YLMomentRelativeTimeLocalizable.strings; sourceTree = "<group>"; };
		635054801C57F341006263B0 /* vi */ = {isa = PBXFileReference; lastKnownFileType = text.plist.strings; name = vi; path = vi.lproj/YLMomentRelativeTimeLocalizable.strings; sourceTree = "<group>"; };
		635054811C57F341006263B0 /* zh */ = {isa = PBXFileReference; lastKnownFileType = text.plist.strings; name = zh; path = zh.lproj/YLMomentRelativeTimeLocalizable.strings; sourceTree = "<group>"; };
		635054821C57F341006263B0 /* YLMoment+Bundle.h */ = {isa = PBXFileReference; fileEncoding = 4; lastKnownFileType = sourcecode.c.h; path = "YLMoment+Bundle.h"; sourceTree = "<group>"; };
		635054831C57F341006263B0 /* YLMoment+Bundle.m */ = {isa = PBXFileReference; fileEncoding = 4; lastKnownFileType = sourcecode.c.objc; path = "YLMoment+Bundle.m"; sourceTree = "<group>"; };
		635054841C57F341006263B0 /* YLMoment+Components.h */ = {isa = PBXFileReference; fileEncoding = 4; lastKnownFileType = sourcecode.c.h; path = "YLMoment+Components.h"; sourceTree = "<group>"; };
		635054851C57F341006263B0 /* YLMoment+Components.m */ = {isa = PBXFileReference; fileEncoding = 4; lastKnownFileType = sourcecode.c.objc; path = "YLMoment+Components.m"; sourceTree = "<group>"; };
		635054861C57F341006263B0 /* YLMoment+Description.h */ = {isa = PBXFileReference; fileEncoding = 4; lastKnownFileType = sourcecode.c.h; path = "YLMoment+Description.h"; sourceTree = "<group>"; };
		635054871C57F341006263B0 /* YLMoment+Description.m */ = {isa = PBXFileReference; fileEncoding = 4; lastKnownFileType = sourcecode.c.objc; path = "YLMoment+Description.m"; sourceTree = "<group>"; };
		635054881C57F341006263B0 /* YLMoment+Helpers.h */ = {isa = PBXFileReference; fileEncoding = 4; lastKnownFileType = sourcecode.c.h; path = "YLMoment+Helpers.h"; sourceTree = "<group>"; };
		635054891C57F341006263B0 /* YLMoment+Helpers.m */ = {isa = PBXFileReference; fileEncoding = 4; lastKnownFileType = sourcecode.c.objc; path = "YLMoment+Helpers.m"; sourceTree = "<group>"; };
		6350548A1C57F341006263B0 /* YLMoment+Manipulation.h */ = {isa = PBXFileReference; fileEncoding = 4; lastKnownFileType = sourcecode.c.h; path = "YLMoment+Manipulation.h"; sourceTree = "<group>"; };
		6350548B1C57F341006263B0 /* YLMoment+Manipulation.m */ = {isa = PBXFileReference; fileEncoding = 4; lastKnownFileType = sourcecode.c.objc; path = "YLMoment+Manipulation.m"; sourceTree = "<group>"; };
		6350548C1C57F341006263B0 /* YLMoment+RelativeTime.h */ = {isa = PBXFileReference; fileEncoding = 4; lastKnownFileType = sourcecode.c.h; path = "YLMoment+RelativeTime.h"; sourceTree = "<group>"; };
		6350548D1C57F341006263B0 /* YLMoment+RelativeTime.m */ = {isa = PBXFileReference; fileEncoding = 4; lastKnownFileType = sourcecode.c.objc; path = "YLMoment+RelativeTime.m"; sourceTree = "<group>"; };
		6350548E1C57F341006263B0 /* YLMoment.h */ = {isa = PBXFileReference; fileEncoding = 4; lastKnownFileType = sourcecode.c.h; path = YLMoment.h; sourceTree = "<group>"; };
		6350548F1C57F341006263B0 /* YLMomentObject.h */ = {isa = PBXFileReference; fileEncoding = 4; lastKnownFileType = sourcecode.c.h; path = YLMomentObject.h; sourceTree = "<group>"; };
		635054901C57F341006263B0 /* YLMomentObject.m */ = {isa = PBXFileReference; fileEncoding = 4; lastKnownFileType = sourcecode.c.objc; path = YLMomentObject.m; sourceTree = "<group>"; };
		6362289B1C57449A00C23FF8 /* Default-568h@2x.png */ = {isa = PBXFileReference; lastKnownFileType = image.png; path = "Default-568h@2x.png"; sourceTree = "<group>"; };
		6362822A1C520D16009C12B1 /* Location.h */ = {isa = PBXFileReference; fileEncoding = 4; lastKnownFileType = sourcecode.c.h; path = Location.h; sourceTree = "<group>"; };
		6362822B1C520D16009C12B1 /* Location.m */ = {isa = PBXFileReference; fileEncoding = 4; lastKnownFileType = sourcecode.c.objc; path = Location.m; sourceTree = "<group>"; };
		6362822F1C5214F5009C12B1 /* Weather.h */ = {isa = PBXFileReference; fileEncoding = 4; lastKnownFileType = sourcecode.c.h; path = Weather.h; sourceTree = "<group>"; };
		636282301C5214F5009C12B1 /* Weather.m */ = {isa = PBXFileReference; fileEncoding = 4; lastKnownFileType = sourcecode.c.objc; path = Weather.m; sourceTree = "<group>"; };
		636282321C521C38009C12B1 /* ForecastCell.h */ = {isa = PBXFileReference; fileEncoding = 4; lastKnownFileType = sourcecode.c.h; path = ForecastCell.h; sourceTree = "<group>"; };
		636282331C521C38009C12B1 /* ForecastCell.m */ = {isa = PBXFileReference; fileEncoding = 4; lastKnownFileType = sourcecode.c.objc; path = ForecastCell.m; sourceTree = "<group>"; };
		63E894591C55C1BD00859C55 /* AnimationManager.h */ = {isa = PBXFileReference; fileEncoding = 4; lastKnownFileType = sourcecode.c.h; path = AnimationManager.h; sourceTree = "<group>"; };
		63E8945A1C55C1BD00859C55 /* AnimationManager.m */ = {isa = PBXFileReference; fileEncoding = 4; lastKnownFileType = sourcecode.c.objc; path = AnimationManager.m; sourceTree = "<group>"; };
		63E8945C1C55EEE200859C55 /* ViewManager.h */ = {isa = PBXFileReference; fileEncoding = 4; lastKnownFileType = sourcecode.c.h; path = ViewManager.h; sourceTree = "<group>"; };
		63E8945D1C55EEE200859C55 /* ViewManager.m */ = {isa = PBXFileReference; fileEncoding = 4; lastKnownFileType = sourcecode.c.objc; path = ViewManager.m; sourceTree = "<group>"; };
		63E8945F1C56010E00859C55 /* TimeOfDay.h */ = {isa = PBXFileReference; fileEncoding = 4; lastKnownFileType = sourcecode.c.h; path = TimeOfDay.h; sourceTree = "<group>"; };
		63E894601C56010E00859C55 /* TimeOfDay.m */ = {isa = PBXFileReference; fileEncoding = 4; lastKnownFileType = sourcecode.c.objc; path = TimeOfDay.m; sourceTree = "<group>"; };
/* End PBXFileReference section */

/* Begin PBXFrameworksBuildPhase section */
		6333798C1C51ADA9001C5C9D /* Frameworks */ = {
			isa = PBXFrameworksBuildPhase;
			buildActionMask = 2147483647;
			files = (
			);
			runOnlyForDeploymentPostprocessing = 0;
		};
/* End PBXFrameworksBuildPhase section */

/* Begin PBXGroup section */
		633379861C51ADA9001C5C9D = {
			isa = PBXGroup;
			children = (
				6362289B1C57449A00C23FF8 /* Default-568h@2x.png */,
				633379911C51ADA9001C5C9D /* Weather */,
				633379901C51ADA9001C5C9D /* Products */,
			);
			sourceTree = "<group>";
		};
		633379901C51ADA9001C5C9D /* Products */ = {
			isa = PBXGroup;
			children = (
				6333798F1C51ADA9001C5C9D /* Weather.app */,
			);
			name = Products;
			sourceTree = "<group>";
		};
		633379911C51ADA9001C5C9D /* Weather */ = {
			isa = PBXGroup;
			children = (
				633379951C51ADA9001C5C9D /* AppDelegate.h */,
				633379961C51ADA9001C5C9D /* AppDelegate.m */,
				633379A11C51ADA9001C5C9D /* Main.storyboard */,
				6335606B1C561811001A2483 /* view managers */,
				6362822E1C5214E6009C12B1 /* view controllers */,
				633379CC1C51CB1D001C5C9D /* APIController.h */,
				633379CD1C51CB1D001C5C9D /* APIController.m */,
				6362822D1C5214DA009C12B1 /* objects */,
				633379C51C51AFE6001C5C9D /* other */,
				633379921C51ADA9001C5C9D /* Supporting Files */,
			);
			path = Weather;
			sourceTree = "<group>";
		};
		633379921C51ADA9001C5C9D /* Supporting Files */ = {
			isa = PBXGroup;
			children = (
				633379931C51ADA9001C5C9D /* main.m */,
			);
			name = "Supporting Files";
			sourceTree = "<group>";
		};
		633379C51C51AFE6001C5C9D /* other */ = {
			isa = PBXGroup;
			children = (
				633379A41C51ADA9001C5C9D /* Assets.xcassets */,
				633379A61C51ADA9001C5C9D /* LaunchScreen.storyboard */,
				633379A91C51ADA9001C5C9D /* Info.plist */,
				635054751C57F341006263B0 /* YLMoment */,
			);
			name = other;
			sourceTree = "<group>";
		};
		6335606B1C561811001A2483 /* view managers */ = {
			isa = PBXGroup;
			children = (
				63E894591C55C1BD00859C55 /* AnimationManager.h */,
				63E8945A1C55C1BD00859C55 /* AnimationManager.m */,
				63E8945C1C55EEE200859C55 /* ViewManager.h */,
				63E8945D1C55EEE200859C55 /* ViewManager.m */,
			);
			name = "view managers";
			sourceTree = "<group>";
		};
		635054751C57F341006263B0 /* YLMoment */ = {
			isa = PBXGroup;
			children = (
				635054761C57F341006263B0 /* Localization */,
				635054821C57F341006263B0 /* YLMoment+Bundle.h */,
				635054831C57F341006263B0 /* YLMoment+Bundle.m */,
				635054841C57F341006263B0 /* YLMoment+Components.h */,
				635054851C57F341006263B0 /* YLMoment+Components.m */,
				635054861C57F341006263B0 /* YLMoment+Description.h */,
				635054871C57F341006263B0 /* YLMoment+Description.m */,
				635054881C57F341006263B0 /* YLMoment+Helpers.h */,
				635054891C57F341006263B0 /* YLMoment+Helpers.m */,
				6350548A1C57F341006263B0 /* YLMoment+Manipulation.h */,
				6350548B1C57F341006263B0 /* YLMoment+Manipulation.m */,
				6350548C1C57F341006263B0 /* YLMoment+RelativeTime.h */,
				6350548D1C57F341006263B0 /* YLMoment+RelativeTime.m */,
				6350548E1C57F341006263B0 /* YLMoment.h */,
				6350548F1C57F341006263B0 /* YLMomentObject.h */,
				635054901C57F341006263B0 /* YLMomentObject.m */,
			);
			path = YLMoment;
			sourceTree = "<group>";
		};
		635054761C57F341006263B0 /* Localization */ = {
			isa = PBXGroup;
			children = (
				635054771C57F341006263B0 /* YLMomentRelativeTimeLocalizable.strings */,
			);
			path = Localization;
			sourceTree = "<group>";
		};
		6362289A1C57448700C23FF8 /* WeatherTableVC */ = {
			isa = PBXGroup;
			children = (
				633379C91C51B03B001C5C9D /* WeatherTableTableViewController.h */,
				633379CA1C51B03B001C5C9D /* WeatherTableTableViewController.m */,
				636282321C521C38009C12B1 /* ForecastCell.h */,
				636282331C521C38009C12B1 /* ForecastCell.m */,
			);
			name = WeatherTableVC;
			sourceTree = "<group>";
		};
		6362822D1C5214DA009C12B1 /* objects */ = {
			isa = PBXGroup;
			children = (
				63E8945F1C56010E00859C55 /* TimeOfDay.h */,
				63E894601C56010E00859C55 /* TimeOfDay.m */,
				6362822A1C520D16009C12B1 /* Location.h */,
				6362822B1C520D16009C12B1 /* Location.m */,
				6362822F1C5214F5009C12B1 /* Weather.h */,
				636282301C5214F5009C12B1 /* Weather.m */,
				631A7C111C55A6F600BD05DD /* sun4.png */,
			);
			name = objects;
			sourceTree = "<group>";
		};
		6362822E1C5214E6009C12B1 /* view controllers */ = {
			isa = PBXGroup;
			children = (
				633379C61C51B01B001C5C9D /* MainViewController.h */,
				633379C71C51B01B001C5C9D /* MainViewController.m */,
				6362289A1C57448700C23FF8 /* WeatherTableVC */,
			);
			name = "view controllers";
			sourceTree = "<group>";
		};
/* End PBXGroup section */

/* Begin PBXNativeTarget section */
		6333798E1C51ADA9001C5C9D /* Weather */ = {
			isa = PBXNativeTarget;
			buildConfigurationList = 633379AC1C51ADA9001C5C9D /* Build configuration list for PBXNativeTarget "Weather" */;
			buildPhases = (
				6333798B1C51ADA9001C5C9D /* Sources */,
				6333798C1C51ADA9001C5C9D /* Frameworks */,
				6333798D1C51ADA9001C5C9D /* Resources */,
			);
			buildRules = (
			);
			dependencies = (
			);
			name = Weather;
			productName = Forecaster;
			productReference = 6333798F1C51ADA9001C5C9D /* Weather.app */;
			productType = "com.apple.product-type.application";
		};
/* End PBXNativeTarget section */

/* Begin PBXProject section */
		633379871C51ADA9001C5C9D /* Project object */ = {
			isa = PBXProject;
			attributes = {
				LastUpgradeCheck = 0720;
				ORGANIZATIONNAME = david;
				TargetAttributes = {
					6333798E1C51ADA9001C5C9D = {
						CreatedOnToolsVersion = 7.2;
						DevelopmentTeam = 95P55J7Q5M;
					};
				};
			};
			buildConfigurationList = 6333798A1C51ADA9001C5C9D /* Build configuration list for PBXProject "Weather" */;
			compatibilityVersion = "Xcode 3.2";
			developmentRegion = English;
			hasScannedForEncodings = 0;
			knownRegions = (
				en,
				Base,
				de,
				es,
				fr,
				ja,
				nl,
				pt,
				sq,
				vi,
				zh,
			);
			mainGroup = 633379861C51ADA9001C5C9D;
			productRefGroup = 633379901C51ADA9001C5C9D /* Products */;
			projectDirPath = "";
			projectRoot = "";
			targets = (
				6333798E1C51ADA9001C5C9D /* Weather */,
			);
		};
/* End PBXProject section */

/* Begin PBXResourcesBuildPhase section */
		6333798D1C51ADA9001C5C9D /* Resources */ = {
			isa = PBXResourcesBuildPhase;
			buildActionMask = 2147483647;
			files = (
				633379A81C51ADA9001C5C9D /* LaunchScreen.storyboard in Resources */,
				631A7C121C55A6F600BD05DD /* sun4.png in Resources */,
				633379A51C51ADA9001C5C9D /* Assets.xcassets in Resources */,
				6362289C1C57449A00C23FF8 /* Default-568h@2x.png in Resources */,
				633379A31C51ADA9001C5C9D /* Main.storyboard in Resources */,
				635054911C57F341006263B0 /* YLMomentRelativeTimeLocalizable.strings in Resources */,
			);
			runOnlyForDeploymentPostprocessing = 0;
		};
/* End PBXResourcesBuildPhase section */

/* Begin PBXSourcesBuildPhase section */
		6333798B1C51ADA9001C5C9D /* Sources */ = {
			isa = PBXSourcesBuildPhase;
			buildActionMask = 2147483647;
			files = (
				633379971C51ADA9001C5C9D /* AppDelegate.m in Sources */,
				635054931C57F341006263B0 /* YLMoment+Components.m in Sources */,
				63E8945B1C55C1BD00859C55 /* AnimationManager.m in Sources */,
				635054971C57F341006263B0 /* YLMoment+RelativeTime.m in Sources */,
				635054961C57F341006263B0 /* YLMoment+Manipulation.m in Sources */,
				635054921C57F341006263B0 /* YLMoment+Bundle.m in Sources */,
				633379CE1C51CB1D001C5C9D /* APIController.m in Sources */,
				635054951C57F341006263B0 /* YLMoment+Helpers.m in Sources */,
				635054941C57F341006263B0 /* YLMoment+Description.m in Sources */,
				636282341C521C38009C12B1 /* ForecastCell.m in Sources */,
				636282311C5214F5009C12B1 /* Weather.m in Sources */,
				633379CB1C51B03B001C5C9D /* WeatherTableTableViewController.m in Sources */,
				63E8945E1C55EEE200859C55 /* ViewManager.m in Sources */,
				633379C81C51B01B001C5C9D /* MainViewController.m in Sources */,
				63E894611C56010E00859C55 /* TimeOfDay.m in Sources */,
				6362822C1C520D16009C12B1 /* Location.m in Sources */,
				633379941C51ADA9001C5C9D /* main.m in Sources */,
				635054981C57F341006263B0 /* YLMomentObject.m in Sources */,
			);
			runOnlyForDeploymentPostprocessing = 0;
		};
/* End PBXSourcesBuildPhase section */

/* Begin PBXVariantGroup section */
		633379A11C51ADA9001C5C9D /* Main.storyboard */ = {
			isa = PBXVariantGroup;
			children = (
				633379A21C51ADA9001C5C9D /* Base */,
			);
			name = Main.storyboard;
			sourceTree = "<group>";
		};
		633379A61C51ADA9001C5C9D /* LaunchScreen.storyboard */ = {
			isa = PBXVariantGroup;
			children = (
				633379A71C51ADA9001C5C9D /* Base */,
			);
			name = LaunchScreen.storyboard;
			sourceTree = "<group>";
		};
		635054771C57F341006263B0 /* YLMomentRelativeTimeLocalizable.strings */ = {
			isa = PBXVariantGroup;
			children = (
				635054781C57F341006263B0 /* de */,
				635054791C57F341006263B0 /* en */,
				6350547A1C57F341006263B0 /* es */,
				6350547B1C57F341006263B0 /* fr */,
				6350547C1C57F341006263B0 /* ja */,
				6350547D1C57F341006263B0 /* nl */,
				6350547E1C57F341006263B0 /* pt */,
				6350547F1C57F341006263B0 /* sq */,
				635054801C57F341006263B0 /* vi */,
				635054811C57F341006263B0 /* zh */,
			);
			name = YLMomentRelativeTimeLocalizable.strings;
			sourceTree = "<group>";
		};
/* End PBXVariantGroup section */

/* Begin XCBuildConfiguration section */
		633379AA1C51ADA9001C5C9D /* Debug */ = {
			isa = XCBuildConfiguration;
			buildSettings = {
				ALWAYS_SEARCH_USER_PATHS = NO;
				CLANG_CXX_LANGUAGE_STANDARD = "gnu++0x";
				CLANG_CXX_LIBRARY = "libc++";
				CLANG_ENABLE_MODULES = YES;
				CLANG_ENABLE_OBJC_ARC = YES;
				CLANG_WARN_BOOL_CONVERSION = YES;
				CLANG_WARN_CONSTANT_CONVERSION = YES;
				CLANG_WARN_DIRECT_OBJC_ISA_USAGE = YES_ERROR;
				CLANG_WARN_EMPTY_BODY = YES;
				CLANG_WARN_ENUM_CONVERSION = YES;
				CLANG_WARN_INT_CONVERSION = YES;
				CLANG_WARN_OBJC_ROOT_CLASS = YES_ERROR;
				CLANG_WARN_UNREACHABLE_CODE = YES;
				CLANG_WARN__DUPLICATE_METHOD_MATCH = YES;
				"CODE_SIGN_IDENTITY[sdk=iphoneos*]" = "iPhone Developer";
				COPY_PHASE_STRIP = NO;
				DEBUG_INFORMATION_FORMAT = dwarf;
				ENABLE_STRICT_OBJC_MSGSEND = YES;
				ENABLE_TESTABILITY = YES;
				GCC_C_LANGUAGE_STANDARD = gnu99;
				GCC_DYNAMIC_NO_PIC = NO;
				GCC_NO_COMMON_BLOCKS = YES;
				GCC_OPTIMIZATION_LEVEL = 0;
				GCC_PREPROCESSOR_DEFINITIONS = (
					"DEBUG=1",
					"$(inherited)",
				);
				GCC_WARN_64_TO_32_BIT_CONVERSION = YES;
				GCC_WARN_ABOUT_RETURN_TYPE = YES_ERROR;
				GCC_WARN_UNDECLARED_SELECTOR = YES;
				GCC_WARN_UNINITIALIZED_AUTOS = YES_AGGRESSIVE;
				GCC_WARN_UNUSED_FUNCTION = YES;
				GCC_WARN_UNUSED_VARIABLE = YES;
				IPHONEOS_DEPLOYMENT_TARGET = 9.2;
				MTL_ENABLE_DEBUG_INFO = YES;
				ONLY_ACTIVE_ARCH = YES;
				SDKROOT = iphoneos;
				TARGETED_DEVICE_FAMILY = "1,2";
			};
			name = Debug;
		};
		633379AB1C51ADA9001C5C9D /* Release */ = {
			isa = XCBuildConfiguration;
			buildSettings = {
				ALWAYS_SEARCH_USER_PATHS = NO;
				CLANG_CXX_LANGUAGE_STANDARD = "gnu++0x";
				CLANG_CXX_LIBRARY = "libc++";
				CLANG_ENABLE_MODULES = YES;
				CLANG_ENABLE_OBJC_ARC = YES;
				CLANG_WARN_BOOL_CONVERSION = YES;
				CLANG_WARN_CONSTANT_CONVERSION = YES;
				CLANG_WARN_DIRECT_OBJC_ISA_USAGE = YES_ERROR;
				CLANG_WARN_EMPTY_BODY = YES;
				CLANG_WARN_ENUM_CONVERSION = YES;
				CLANG_WARN_INT_CONVERSION = YES;
				CLANG_WARN_OBJC_ROOT_CLASS = YES_ERROR;
				CLANG_WARN_UNREACHABLE_CODE = YES;
				CLANG_WARN__DUPLICATE_METHOD_MATCH = YES;
				"CODE_SIGN_IDENTITY[sdk=iphoneos*]" = "iPhone Developer";
				COPY_PHASE_STRIP = NO;
				DEBUG_INFORMATION_FORMAT = "dwarf-with-dsym";
				ENABLE_NS_ASSERTIONS = NO;
				ENABLE_STRICT_OBJC_MSGSEND = YES;
				GCC_C_LANGUAGE_STANDARD = gnu99;
				GCC_NO_COMMON_BLOCKS = YES;
				GCC_WARN_64_TO_32_BIT_CONVERSION = YES;
				GCC_WARN_ABOUT_RETURN_TYPE = YES_ERROR;
				GCC_WARN_UNDECLARED_SELECTOR = YES;
				GCC_WARN_UNINITIALIZED_AUTOS = YES_AGGRESSIVE;
				GCC_WARN_UNUSED_FUNCTION = YES;
				GCC_WARN_UNUSED_VARIABLE = YES;
				IPHONEOS_DEPLOYMENT_TARGET = 9.2;
				MTL_ENABLE_DEBUG_INFO = NO;
				SDKROOT = iphoneos;
				TARGETED_DEVICE_FAMILY = "1,2";
				VALIDATE_PRODUCT = YES;
			};
			name = Release;
		};
		633379AD1C51ADA9001C5C9D /* Debug */ = {
			isa = XCBuildConfiguration;
			buildSettings = {
				ASSETCATALOG_COMPILER_APPICON_NAME = AppIcon;
				INFOPLIST_FILE = "$(SRCROOT)/Weather/Info.plist";
				LD_RUNPATH_SEARCH_PATHS = "$(inherited) @executable_path/Frameworks";
				PRODUCT_BUNDLE_IDENTIFIER = com.Weather;
				PRODUCT_NAME = Weather;
			};
			name = Debug;
		};
		633379AE1C51ADA9001C5C9D /* Release */ = {
			isa = XCBuildConfiguration;
			buildSettings = {
				ASSETCATALOG_COMPILER_APPICON_NAME = AppIcon;
				INFOPLIST_FILE = "$(SRCROOT)/Weather/Info.plist";
				LD_RUNPATH_SEARCH_PATHS = "$(inherited) @executable_path/Frameworks";
				PRODUCT_BUNDLE_IDENTIFIER = com.Weather;
				PRODUCT_NAME = Weather;
			};
			name = Release;
		};
/* End XCBuildConfiguration section */

/* Begin XCConfigurationList section */
		6333798A1C51ADA9001C5C9D /* Build configuration list for PBXProject "Weather" */ = {
			isa = XCConfigurationList;
			buildConfigurations = (
				633379AA1C51ADA9001C5C9D /* Debug */,
				633379AB1C51ADA9001C5C9D /* Release */,
			);
			defaultConfigurationIsVisible = 0;
			defaultConfigurationName = Release;
		};
		633379AC1C51ADA9001C5C9D /* Build configuration list for PBXNativeTarget "Weather" */ = {
			isa = XCConfigurationList;
			buildConfigurations = (
				633379AD1C51ADA9001C5C9D /* Debug */,
				633379AE1C51ADA9001C5C9D /* Release */,
			);
			defaultConfigurationIsVisible = 0;
			defaultConfigurationName = Release;
		};
/* End XCConfigurationList section */
	};
	rootObject = 633379871C51ADA9001C5C9D /* Project object */;
}
